
Microsoft Visual Studio Solution File, Format Version 12.00
# Visual Studio Version 16
VisualStudioVersion = 16.0.32510.428
MinimumVisualStudioVersion = 10.0.40219.1
Project("{9A19103F-16F7-4668-BE54-9A1E7A4F7556}") = "CursoCSharp", "CursoCSharp.csproj", "{B1D70F79-22D1-4F42-AC44-EE2511296141}"
EndProject
Project("{9A19103F-16F7-4668-BE54-9A1E7A4F7556}") = "Encapsulamento", "..\ClassLibrary1\Encapsulamento.csproj", "{20CDEFE9-0FC1-4780-B609-621BEC263323}"
EndProject
Global
	GlobalSection(SolutionConfigurationPlatforms) = preSolution
		Debug|Any CPU = Debug|Any CPU
		Release|Any CPU = Release|Any CPU
	EndGlobalSection
	GlobalSection(ProjectConfigurationPlatforms) = postSolution
		{B1D70F79-22D1-4F42-AC44-EE2511296141}.Debug|Any CPU.ActiveCfg = Debug|Any CPU
		{B1D70F79-22D1-4F42-AC44-EE2511296141}.Debug|Any CPU.Build.0 = Debug|Any CPU
		{B1D70F79-22D1-4F42-AC44-EE2511296141}.Release|Any CPU.ActiveCfg = Release|Any CPU
		{B1D70F79-22D1-4F42-AC44-EE2511296141}.Release|Any CPU.Build.0 = Release|Any CPU
		{20CDEFE9-0FC1-4780-B609-621BEC263323}.Debug|Any CPU.ActiveCfg = Debug|Any CPU
		{20CDEFE9-0FC1-4780-B609-621BEC263323}.Debug|Any CPU.Build.0 = Debug|Any CPU
		{20CDEFE9-0FC1-4780-B609-621BEC263323}.Release|Any CPU.ActiveCfg = Release|Any CPU
		{20CDEFE9-0FC1-4780-B609-621BEC263323}.Release|Any CPU.Build.0 = Release|Any CPU
	EndGlobalSection
	GlobalSection(SolutionProperties) = preSolution
		HideSolutionNode = FALSE
	EndGlobalSection
	GlobalSection(ExtensibilityGlobals) = postSolution
		SolutionGuid = {665FD41B-8AAC-4CE4-AE73-1E98C0E0C11F}
	EndGlobalSection
EndGlobal
